{
  "name": "block-puzzle",
  "version": "1.0.0",
  "lockfileVersion": 3,
  "requires": true,
  "packages": {
    "": {
      "name": "block-puzzle",
      "version": "1.0.0",
      "license": "ISC",
      "devDependencies": {
        "texttoscratch": "file:../TextToScratch"
      }
    },
    "../TextToScratch": {
      "name": "texttoscratch",
      "version": "0.1.0",
      "dev": true,
      "license": "MIT",
      "dependencies": {
        "jszip": "^3.10.2",
        "typescript": "^5.9.3"
      },
      "bin": {
        "tts": "dist/cli.js"
      },
      "devDependencies": {
        "@types/node": "^26.6.4",
        "esbuild": "^0.28.2",
        "monaco-editor": "^0.57.0",
        "scratch-vm": "^5.0.300",
        "tsx": "^4.23.15"
      }
    },
    "node_modules/texttoscratch": {
      "resolved": "../TextToScratch",
      "link": true
    }
  }
}
